
Microsoft Visual Studio Solution File, Format Version 12.00
# Visual Studio Version 17
VisualStudioVersion = 17.1.32228.430
MinimumVisualStudioVersion = 10.0.40219.1
Project("{9A19103F-16F7-4668-BE54-9A1E7A4F7556}") = "PruebaQueue", "PruebaQueue\PruebaQueue.csproj", "{550B14BB-7635-496D-A3B4-926FA414B1A9}"
EndProject
Project("{9A19103F-16F7-4668-BE54-9A1E7A4F7556}") = "Modelo", "Modelo\Modelo.csproj", "{0CD8F69A-6152-44B5-8B99-2B0ADE1D0DAD}"
EndProject
Project("{FAE04EC0-301F-11D3-BF4B-00C04F79EFBC}") = "PruebaStack", "PruebaStack\PruebaStack.csproj", "{287D89ED-0C52-4430-9789-3FACEBFBE1A5}"
EndProject
Project("{FAE04EC0-301F-11D3-BF4B-00C04F79EFBC}") = "PruebaLinkedList", "PruebaLinkedList\PruebaLinkedList.csproj", "{F73DD932-6E0E-4401-89FC-107F23938DF4}"
EndProject
Project("{FAE04EC0-301F-11D3-BF4B-00C04F79EFBC}") = "PruebaHashset", "PruebaHashset\PruebaHashset.csproj", "{CA801F6A-7780-4149-BCDD-DD422584BB5A}"
EndProject
Global
	GlobalSection(SolutionConfigurationPlatforms) = preSolution
		Debug|Any CPU = Debug|Any CPU
		Release|Any CPU = Release|Any CPU
	EndGlobalSection
	GlobalSection(ProjectConfigurationPlatforms) = postSolution
		{550B14BB-7635-496D-A3B4-926FA414B1A9}.Debug|Any CPU.ActiveCfg = Debug|Any CPU
		{550B14BB-7635-496D-A3B4-926FA414B1A9}.Debug|Any CPU.Build.0 = Debug|Any CPU
		{550B14BB-7635-496D-A3B4-926FA414B1A9}.Release|Any CPU.ActiveCfg = Release|Any CPU
		{550B14BB-7635-496D-A3B4-926FA414B1A9}.Release|Any CPU.Build.0 = Release|Any CPU
		{0CD8F69A-6152-44B5-8B99-2B0ADE1D0DAD}.Debug|Any CPU.ActiveCfg = Debug|Any CPU
		{0CD8F69A-6152-44B5-8B99-2B0ADE1D0DAD}.Debug|Any CPU.Build.0 = Debug|Any CPU
		{0CD8F69A-6152-44B5-8B99-2B0ADE1D0DAD}.Release|Any CPU.ActiveCfg = Release|Any CPU
		{0CD8F69A-6152-44B5-8B99-2B0ADE1D0DAD}.Release|Any CPU.Build.0 = Release|Any CPU
		{287D89ED-0C52-4430-9789-3FACEBFBE1A5}.Debug|Any CPU.ActiveCfg = Debug|Any CPU
		{287D89ED-0C52-4430-9789-3FACEBFBE1A5}.Debug|Any CPU.Build.0 = Debug|Any CPU
		{287D89ED-0C52-4430-9789-3FACEBFBE1A5}.Release|Any CPU.ActiveCfg = Release|Any CPU
		{287D89ED-0C52-4430-9789-3FACEBFBE1A5}.Release|Any CPU.Build.0 = Release|Any CPU
		{F73DD932-6E0E-4401-89FC-107F23938DF4}.Debug|Any CPU.ActiveCfg = Debug|Any CPU
		{F73DD932-6E0E-4401-89FC-107F23938DF4}.Debug|Any CPU.Build.0 = Debug|Any CPU
		{F73DD932-6E0E-4401-89FC-107F23938DF4}.Release|Any CPU.ActiveCfg = Release|Any CPU
		{F73DD932-6E0E-4401-89FC-107F23938DF4}.Release|Any CPU.Build.0 = Release|Any CPU
		{CA801F6A-7780-4149-BCDD-DD422584BB5A}.Debug|Any CPU.ActiveCfg = Debug|Any CPU
		{CA801F6A-7780-4149-BCDD-DD422584BB5A}.Debug|Any CPU.Build.0 = Debug|Any CPU
		{CA801F6A-7780-4149-BCDD-DD422584BB5A}.Release|Any CPU.ActiveCfg = Release|Any CPU
		{CA801F6A-7780-4149-BCDD-DD422584BB5A}.Release|Any CPU.Build.0 = Release|Any CPU
	EndGlobalSection
	GlobalSection(SolutionProperties) = preSolution
		HideSolutionNode = FALSE
	EndGlobalSection
	GlobalSection(ExtensibilityGlobals) = postSolution
		SolutionGuid = {563549AF-28A1-4226-96AF-2D74936AABBF}
	EndGlobalSection
EndGlobal
